{
  "originHash" : "6eca66d762ed46d7fda606614561f5b8dc3fe15e8de06f931ac839042c1be3d8",
  "pins" : [
    {
      "identity" : "multislider",
      "kind" : "remoteSourceControl",
      "location" : "https://github.com/yonat/MultiSlider",
      "state" : {
        "revision" : "a5dbf58e5b05a55a771607f77547eb2067c601e9",
        "version" : "2.2.1"
      }
    },
    {
      "identity" : "sweeterswift",
      "kind" : "remoteSourceControl",
      "location" : "https://github.com/yonat/SweeterSwift",
      "state" : {
        "revision" : "c9e34c454ba4d5b7b6a81c766bb3337fb6e21dfc",
        "version" : "1.2.6"
      }
    }
  ],
  "version" : 3
}
